
Microsoft Visual Studio Solution File, Format Version 12.00
# Visual Studio 15
VisualStudioVersion = 15.0.28010.2026
MinimumVisualStudioVersion = 10.0.40219.1
Project("{FAE04EC0-301F-11D3-BF4B-00C04F79EFBC}") = "MyMathDLL", "MyMathDLL\MyMathDLL.csproj", "{E828D7ED-46CF-43BA-A27A-305A577515C5}"
EndProject
Project("{FAE04EC0-301F-11D3-BF4B-00C04F79EFBC}") = "MyMathDLLTest", "MyMathDLLTest\MyMathDLLTest.csproj", "{364F9756-8E3F-49E1-AC2B-DFC09521EE61}"
EndProject
Global
	GlobalSection(SolutionConfigurationPlatforms) = preSolution
		Debug|Any CPU = Debug|Any CPU
		Release|Any CPU = Release|Any CPU
	EndGlobalSection
	GlobalSection(ProjectConfigurationPlatforms) = postSolution
		{E828D7ED-46CF-43BA-A27A-305A577515C5}.Debug|Any CPU.ActiveCfg = Debug|Any CPU
		{E828D7ED-46CF-43BA-A27A-305A577515C5}.Debug|Any CPU.Build.0 = Debug|Any CPU
		{E828D7ED-46CF-43BA-A27A-305A577515C5}.Release|Any CPU.ActiveCfg = Release|Any CPU
		{E828D7ED-46CF-43BA-A27A-305A577515C5}.Release|Any CPU.Build.0 = Release|Any CPU
		{364F9756-8E3F-49E1-AC2B-DFC09521EE61}.Debug|Any CPU.ActiveCfg = Debug|Any CPU
		{364F9756-8E3F-49E1-AC2B-DFC09521EE61}.Debug|Any CPU.Build.0 = Debug|Any CPU
		{364F9756-8E3F-49E1-AC2B-DFC09521EE61}.Release|Any CPU.ActiveCfg = Release|Any CPU
		{364F9756-8E3F-49E1-AC2B-DFC09521EE61}.Release|Any CPU.Build.0 = Release|Any CPU
	EndGlobalSection
	GlobalSection(SolutionProperties) = preSolution
		HideSolutionNode = FALSE
	EndGlobalSection
	GlobalSection(ExtensibilityGlobals) = postSolution
		SolutionGuid = {4C77412A-33E4-47A4-8FBA-3364790544AB}
	EndGlobalSection
EndGlobal
